# THIS IS AN AUTOGENERATED FILE. DO NOT EDIT THIS FILE DIRECTLY.
# yarn lockfile v1


CSSselect@0.x:
  version "0.7.0"
  resolved "https://registry.yarnpkg.com/CSSselect/-/CSSselect-0.7.0.tgz#e4054c67b467465f3c9500c0da0aa7878c4babd2"
  integrity sha1-5AVMZ7RnRl88lQDA2gqnh4xLq9I=
  dependencies:
    CSSwhat "0.4"
    boolbase "~1.0.0"
    domutils "1.4"
    nth-check "~1.0.0"

CSSwhat@0.4:
  version "0.4.7"
  resolved "https://registry.yarnpkg.com/CSSwhat/-/CSSwhat-0.4.7.tgz#867da0ff39f778613242c44cfea83f0aa4ebdf9b"
  integrity sha1-hn2g/zn3eGEyQsRM/qg/CqTr35s=

active-x-obfuscator@0.0.1:
  version "0.0.1"
  resolved "https://registry.yarnpkg.com/active-x-obfuscator/-/active-x-obfuscator-0.0.1.tgz#089b89b37145ff1d9ec74af6530be5526cae1f1a"
  integrity sha1-CJuJs3FF/x2ex0r2UwvlUmyuHxo=
  dependencies:
    zeparser "0.0.5"

async@0.2.6:
  version "0.2.6"
  resolved "https://registry.yarnpkg.com/async/-/async-0.2.6.tgz#ad3f373d9249ae324881565582bc90e152abbd68"

base64id@0.1.0:
  version "0.1.0"
  resolved "https://registry.yarnpkg.com/base64id/-/base64id-0.1.0.tgz#02ce0fdeee0cef4f40080e1e73e834f0b1bfce3f"
  integrity sha1-As4P3u4M709ACA4ec+g08LG/zj8=

boolbase@~1.0.0:
  version "1.0.0"
  resolved "https://registry.yarnpkg.com/boolbase/-/boolbase-1.0.0.tgz#68dff5fbe60c51eb37725ea9e3ed310dcc1e776e"
  integrity sha1-aN/1++YMUes3cl6p4+0xDcwed24=

buffer-crc32@0.2.1:
  version "0.2.1"
  resolved "https://registry.yarnpkg.com/buffer-crc32/-/buffer-crc32-0.2.1.tgz#be3e5382fc02b6d6324956ac1af98aa98b08534c"
  integrity sha1-vj5TgvwCttYySVasGvmKqYsIU0w=

bytes@0.2.0:
  version "0.2.0"
  resolved "https://registry.yarnpkg.com/bytes/-/bytes-0.2.0.tgz#aad33ec14e3dc2ca74e8e7d451f9ba053ad4f7a0"
  integrity sha1-qtM+wU49wsp06OfUUfm6BTrU96A=

cheerio-select@*:
  version "0.0.3"
  resolved "https://registry.yarnpkg.com/cheerio-select/-/cheerio-select-0.0.3.tgz#3f2420114f3ccb0b1b075c245ccfaae5d617a388"
  integrity sha1-PyQgEU88ywsbB1wkXM+q5dYXo4g=
  dependencies:
    CSSselect "0.x"

commander@0.6.1:
  version "0.6.1"
  resolved "https://registry.yarnpkg.com/commander/-/commander-0.6.1.tgz#fa68a14f6a945d54dbbe50d8cdb3320e9e3b1a06"
  integrity sha1-+mihT2qUXVTbvlDYzbMyDp47GgY=

commander@~2.1.0:
  version "2.1.0"
  resolved "https://registry.yarnpkg.com/commander/-/commander-2.1.0.tgz#d121bbae860d9992a3d517ba96f56588e47c6781"
  integrity sha1-0SG7roYNmZKj1Re6lvVliOR8Z4E=

connect@2.7.10:
  version "2.7.10"
  resolved "https://registry.yarnpkg.com/connect/-/connect-2.7.10.tgz#a0ac59464d6524079db02c97151c795c1b4dee64"
  integrity sha1-oKxZRk1lJAedsCyXFRx5XBtN7mQ=
  dependencies:
    buffer-crc32 "0.2.1"
    bytes "0.2.0"
    cookie "0.0.5"
    cookie-signature "1.0.1"
    debug "*"
    formidable "1.0.14"
    fresh "0.1.0"
    pause "0.0.1"
    qs "0.6.5"
    send "0.1.0"

cookie-signature@1.0.1:
  version "1.0.1"
  resolved "https://registry.yarnpkg.com/cookie-signature/-/cookie-signature-1.0.1.tgz#44e072148af01e6e8e24afbf12690d68ae698ecb"
  integrity sha1-ROByFIrwHm6OJK+/EmkNaK5pjss=

cookie@0.0.5:
  version "0.0.5"
  resolved "https://registry.yarnpkg.com/cookie/-/cookie-0.0.5.tgz#f9acf9db57eb7568c9fcc596256b7bb22e307c81"
  integrity sha1-+az521frdWjJ/MWWJWt7si4wfIE=

cookie@0.1.0:
  version "0.1.0"
  resolved "https://registry.yarnpkg.com/cookie/-/cookie-0.1.0.tgz#90eb469ddce905c866de687efc43131d8801f9d0"
  integrity sha1-kOtGndzpBchm3mh+/EMTHYgB+dA=

core-util-is@~1.0.0:
  version "1.0.2"
  resolved "https://registry.yarnpkg.com/core-util-is/-/core-util-is-1.0.2.tgz#b5fd54220aa2bc5ab57aab7140c940754503c1a7"

debug@*:
  version "4.1.1"
  resolved "https://registry.yarnpkg.com/debug/-/debug-4.1.1.tgz#3b72260255109c6b589cee050f1d516139664791"
  integrity sha512-pYAIzeRo8J6KPEaJ0VWOh5Pzkbw/RetuzehGM7QRRX5he4fPHx2rdKMB256ehJCkX+XRQm16eZLqLNS8RSZXZw==
  dependencies:
    ms "^2.1.1"

domelementtype@1:
  version "1.3.1"
  resolved "https://registry.yarnpkg.com/domelementtype/-/domelementtype-1.3.1.tgz#d048c44b37b0d10a7f2a3d5fee3f4333d790481f"
  integrity sha512-BSKB+TSpMpFI/HOxCNr1O8aMOTZ8hT3pM3GQ0w/mWRmkhEDSFJkkyzz4XQsBV44BChwGkrDfMyjVD0eA2aFV3w==

domhandler@2.0:
  version "2.0.3"
  resolved "https://registry.yarnpkg.com/domhandler/-/domhandler-2.0.3.tgz#889f8df626403af0788e29d66d5d5c6f7ebf0fd6"
  integrity sha1-iJ+N9iZAOvB4jinWbV1cb36/D9Y=
  dependencies:
    domelementtype "1"

domutils@1.1:
  version "1.1.6"
  resolved "https://registry.yarnpkg.com/domutils/-/domutils-1.1.6.tgz#bddc3de099b9a2efacc51c623f28f416ecc57485"
  integrity sha1-vdw94Jm5ou+sxRxiPyj0FuzFdIU=
  dependencies:
    domelementtype "1"

domutils@1.4:
  version "1.4.3"
  resolved "https://registry.yarnpkg.com/domutils/-/domutils-1.4.3.tgz#0865513796c6b306031850e175516baf80b72a6f"
  integrity sha1-CGVRN5bGswYDGFDhdVFrr4C3Km8=
  dependencies:
    domelementtype "1"

ejs@0.8.4:
  version "0.8.4"
  resolved "https://registry.yarnpkg.com/ejs/-/ejs-0.8.4.tgz#52e61755e5e97fbc5aeeb07df49a4e062bff30d5"
  integrity sha1-UuYXVeXpf7xa7rB99JpOBiv/MNU=

entities@0.x:
  version "0.5.0"
  resolved "https://registry.yarnpkg.com/entities/-/entities-0.5.0.tgz#f611cb5ae221050e0012c66979503fd7ae19cc49"
  integrity sha1-9hHLWuIhBQ4AEsZpeVA/164ZzEk=

express@3.2.5:
  version "3.2.5"
  resolved "https://registry.yarnpkg.com/express/-/express-3.2.5.tgz#d2c86134d9fa1573b8004d23c6dc0d50bc8efe20"
  integrity sha1-0shhNNn6FXO4AE0jxtwNULyO/iA=
  dependencies:
    buffer-crc32 "0.2.1"
    commander "0.6.1"
    connect "2.7.10"
    cookie "0.1.0"
    cookie-signature "1.0.1"
    debug "*"
    fresh "0.1.0"
    methods "0.0.1"
    mkdirp "0.3.4"
    range-parser "0.0.4"
    send "0.1.0"

formidable@1.0.14:
  version "1.0.14"
  resolved "https://registry.yarnpkg.com/formidable/-/formidable-1.0.14.tgz#2b3f4c411cbb5fdd695c44843e2a23514a43231a"
  integrity sha1-Kz9MQRy7X91pXESEPiojUUpDIxo=

fresh@0.1.0:
  version "0.1.0"
  resolved "https://registry.yarnpkg.com/fresh/-/fresh-0.1.0.tgz#03e4b0178424e4c2d5d19a54d8814cdc97934850"
  integrity sha1-A+SwF4Qk5MLV0ZpU2IFM3JeTSFA=

htmlparser2@3.1.1:
  version "3.1.1"
  resolved "https://registry.yarnpkg.com/htmlparser2/-/htmlparser2-3.1.1.tgz#b4e24d445396f084e17c5f91f6d8cc59505dbb5d"
  integrity sha1-tOJNRFOW8IThfF+R9tjMWVBdu10=
  dependencies:
    domelementtype "1"
    domhandler "2.0"
    domutils "1.1"
    readable-stream "1.0"

iconv-lite@0.2.7:
  version "0.2.7"
  resolved "https://registry.yarnpkg.com/iconv-lite/-/iconv-lite-0.2.7.tgz#45be2390d27af4b7613aac4ee4d957e3f4cbdb54"
  integrity sha1-Rb4jkNJ69LdhOqxO5NlX4/TL21Q=

inherits@~2.0.1:
  version "2.0.3"
  resolved "https://registry.yarnpkg.com/inherits/-/inherits-2.0.3.tgz#633c2c83e3da42a502f52466022480f4208261de"
  integrity sha1-Yzwsg+PaQqUC9SRmAiSA9CCCYd4=

isarray@0.0.1:
  version "0.0.1"
  resolved "https://registry.yarnpkg.com/isarray/-/isarray-0.0.1.tgz#8a18acfca9a8f4177e09abfc6038939b05d1eedf"
  integrity sha1-ihis/Kmo9Bd+Cav8YDiTmwXR7t8=

lru-cache@2.2.x:
  version "2.2.4"
  resolved "https://registry.yarnpkg.com/lru-cache/-/lru-cache-2.2.4.tgz#6c658619becf14031d0d0b594b16042ce4dc063d"
  integrity sha1-bGWGGb7PFAMdDQtZSxYELOTcBj0=

methods@0.0.1:
  version "0.0.1"
  resolved "https://registry.yarnpkg.com/methods/-/methods-0.0.1.tgz#277c90f8bef39709645a8371c51c3b6c648e068c"
  integrity sha1-J3yQ+L7zlwlkWoNxxRw7bGSOBow=

mime@1.2.6:
  version "1.2.6"
  resolved "https://registry.yarnpkg.com/mime/-/mime-1.2.6.tgz#b1f86c768c025fa87b48075f1709f28aeaf20365"
  integrity sha1-sfhsdowCX6h7SAdfFwnyiuryA2U=

mkdirp@0.3.4:
  version "0.3.4"
  resolved "https://registry.yarnpkg.com/mkdirp/-/mkdirp-0.3.4.tgz#f8c81d213b7299a031f193a57d752a17d2f6c7d8"
  integrity sha1-+MgdITtymaAx8ZOlfXUqF9L2x9g=

moment@1.7.0:
  version "1.7.0"
  resolved "https://registry.yarnpkg.com/moment/-/moment-1.7.0.tgz#6f3d73a446c6bd6af1b993801d0b8071efad5e28"
  integrity sha1-bz1zpEbGvWrxuZOAHQuAce+tXig=

ms@^2.1.1:
  version "2.1.1"
  resolved "https://registry.yarnpkg.com/ms/-/ms-2.1.1.tgz#30a5864eb3ebb0a66f2ebe6d727af06a09d86e0a"
  integrity sha512-tgp+dl5cGk28utYktBsrFqA7HKgrhgPsg6Z/EfhWI4gl1Hwq8B/GmY/0oXZ6nF8hDVesS/FpnYaD/kOWhYQvyg==

nan@~1.0.0:
  version "1.0.0"
  resolved "https://registry.yarnpkg.com/nan/-/nan-1.0.0.tgz#ae24f8850818d662fcab5acf7f3b95bfaa2ccf38"
  integrity sha1-riT4hQgY1mL8q1rPfzuVv6oszzg=

node-uuid@1.3.3:
  version "1.3.3"
  resolved "https://registry.yarnpkg.com/node-uuid/-/node-uuid-1.3.3.tgz#d3db4d7b56810d9e4032342766282af07391729b"
  integrity sha1-09tNe1aBDZ5AMjQnZigq8HORcps=

nth-check@~1.0.0:
  version "1.0.2"
  resolved "https://registry.yarnpkg.com/nth-check/-/nth-check-1.0.2.tgz#b2bd295c37e3dd58a3bf0700376663ba4d9cf05c"
  integrity sha512-WeBOdju8SnzPN5vTUJYxYUxLeXpCaVP5i5e0LF8fg7WORF2Wd7wFX/pk0tYZk7s8T+J7VLy0Da6J1+wCT0AtHg==
  dependencies:
    boolbase "~1.0.0"

options@>=0.0.5:
  version "0.0.6"
  resolved "https://registry.yarnpkg.com/options/-/options-0.0.6.tgz#ec22d312806bb53e731773e7cdaefcf1c643128f"
  integrity sha1-7CLTEoBrtT5zF3Pnza788cZDEo8=

parse5@0.6.1:
  version "0.6.1"
  resolved "https://registry.yarnpkg.com/parse5/-/parse5-0.6.1.tgz#5963bb8114fd8ad4929753bbfeff3dd59966225c"
  integrity sha1-WWO7gRT9itSSl1O7/v891ZlmIlw=

pause@0.0.1:
  version "0.0.1"
  resolved "https://registry.yarnpkg.com/pause/-/pause-0.0.1.tgz#1d408b3fdb76923b9543d96fb4c9dfd535d9cb5d"
  integrity sha1-HUCLP9t2kjuVQ9lvtMnf1TXZy10=

policyfile@0.0.4:
  version "0.0.4"
  resolved "https://registry.yarnpkg.com/policyfile/-/policyfile-0.0.4.tgz#d6b82ead98ae79ebe228e2daf5903311ec982e4d"
  integrity sha1-1rgurZiueeviKOLa9ZAzEeyYLk0=

punycode@>=0.2.0:
  version "2.1.1"
  resolved "https://registry.yarnpkg.com/punycode/-/punycode-2.1.1.tgz#b58b010ac40c22c5657616c8d2c2c02c7bf479ec"
  integrity sha512-XRsRjdf+j5ml+y/6GKHPZbrF/8p2Yga0JPtdqTIY2Xe5ohJPD9saDJJLPvp9+NSBprVvevdXZybnj2cv8OEd0A==

qs@0.6.5:
  version "0.6.5"
  resolved "https://registry.yarnpkg.com/qs/-/qs-0.6.5.tgz#294b268e4b0d4250f6dde19b3b8b34935dff14ef"
  integrity sha1-KUsmjksNQlD23eGbO4s0k13/FO8=

range-parser@0.0.4:
  version "0.0.4"
  resolved "https://registry.yarnpkg.com/range-parser/-/range-parser-0.0.4.tgz#c0427ffef51c10acba0782a46c9602e744ff620b"
  integrity sha1-wEJ//vUcEKy6B4KkbJYC50T/Ygs=

readable-stream@1.0:
  version "1.0.34"
  resolved "https://registry.yarnpkg.com/readable-stream/-/readable-stream-1.0.34.tgz#125820e34bc842d2f2aaafafe4c2916ee32c157c"
  integrity sha1-Elgg40vIQtLyqq+v5MKRbuMsFXw=
  dependencies:
    core-util-is "~1.0.0"
    inherits "~2.0.1"
    isarray "0.0.1"
    string_decoder "~0.10.x"

redis@0.7.3:
  version "0.7.3"
  resolved "https://registry.yarnpkg.com/redis/-/redis-0.7.3.tgz#ee57b7a44d25ec1594e44365d8165fa7d1d4811a"
  integrity sha1-7le3pE0l7BWU5ENl2BZfp9HUgRo=

revalidator@0.1.5:
  version "0.1.5"
  resolved "https://registry.yarnpkg.com/revalidator/-/revalidator-0.1.5.tgz#205bc02e4186e63e82a0837498f29ba287be3861"
  integrity sha1-IFvALkGG5j6CoIN0mPKbooe+OGE=

send@0.1.0:
  version "0.1.0"
  resolved "https://registry.yarnpkg.com/send/-/send-0.1.0.tgz#cfb08ebd3cec9b7fc1a37d9ff9e875a971cf4640"
  integrity sha1-z7COvTzsm3/Bo32f+eh1qXHPRkA=
  dependencies:
    debug "*"
    fresh "0.1.0"
    mime "1.2.6"
    range-parser "0.0.4"

socket.io-client@0.9.11:
  version "0.9.11"
  resolved "https://registry.yarnpkg.com/socket.io-client/-/socket.io-client-0.9.11.tgz#94defc1b29e0d8a8fe958c1cf33300f68d8a19c7"
  integrity sha1-lN78Gyng2Kj+lYwc8zMA9o2KGcc=
  dependencies:
    active-x-obfuscator "0.0.1"
    uglify-js "1.2.5"
    ws "0.4.x"
    xmlhttprequest "1.4.2"

socket.io@0.9.13:
  version "0.9.13"
  resolved "https://registry.yarnpkg.com/socket.io/-/socket.io-0.9.13.tgz#3e2a5e71ee47978cb18be4bb90217ad7a5d4f2fb"
  integrity sha1-Pipece5Hl4yxi+S7kCF616XU8vs=
  dependencies:
    base64id "0.1.0"
    policyfile "0.0.4"
    socket.io-client "0.9.11"
  optionalDependencies:
    redis "0.7.3"

string_decoder@~0.10.x:
  version "0.10.31"
  resolved "https://registry.yarnpkg.com/string_decoder/-/string_decoder-0.10.31.tgz#62e203bc41766c6c28c9fc84301dab1c5310fa94"
  integrity sha1-YuIDvEF2bGwoyfyEMB2rHFMQ+pQ=

testcafe@^13.1.1:
  version "13.1.31"
  resolved "https://registry.yarnpkg.com/testcafe/-/testcafe-13.1.31.tgz#f78ede364d0ee48e900f140acb72d478f14353e0"
  integrity sha1-947eNk0O5I6QDxQKy3LUePFDU+A=
  dependencies:
    async "0.2.6"
    ejs "0.8.4"
    express "3.2.5"
    iconv-lite "0.2.7"
    moment "1.7.0"
    node-uuid "1.3.3"
    revalidator "0.1.5"
    socket.io "0.9.13"
    tough-cookie "0.9.14"
    uglify-js "1.2.6"
    useragent "2.0.6"
    webauth "0.1.0"
    whacko "0.12.9"

tinycolor@0.x:
  version "0.0.1"
  resolved "https://registry.yarnpkg.com/tinycolor/-/tinycolor-0.0.1.tgz#320b5a52d83abb5978d81a3e887d4aefb15a6164"
  integrity sha1-MgtaUtg6u1l42Bo+iH1K77FaYWQ=

tough-cookie@0.9.14:
  version "0.9.14"
  resolved "https://registry.yarnpkg.com/tough-cookie/-/tough-cookie-0.9.14.tgz#fb2276385802fda1b3d25c083dcac93f2057d35f"
  integrity sha1-+yJ2OFgC/aGz0lwIPcrJPyBX018=
  dependencies:
    punycode ">=0.2.0"

uglify-js@1.2.5:
  version "1.2.5"
  resolved "https://registry.yarnpkg.com/uglify-js/-/uglify-js-1.2.5.tgz#b542c2c76f78efb34b200b20177634330ff702b6"
  integrity sha1-tULCx29477NLIAsgF3Y0Mw/3ArY=

uglify-js@1.2.6:
  version "1.2.6"
  resolved "https://registry.yarnpkg.com/uglify-js/-/uglify-js-1.2.6.tgz#d354b2d3c1cf10ebc18fa78c11a28bdd9ce1580d"
  integrity sha1-01Sy08HPEOvBj6eMEaKL3ZzhWA0=

underscore@~1.4:
  version "1.4.4"
  resolved "https://registry.yarnpkg.com/underscore/-/underscore-1.4.4.tgz#61a6a32010622afa07963bf325203cf12239d604"
  integrity sha1-YaajIBBiKvoHljvzJSA88SI51gQ=

useragent@2.0.6:
  version "2.0.6"
  resolved "https://registry.yarnpkg.com/useragent/-/useragent-2.0.6.tgz#19a0f071f0eaf278162da091e70574cddbcbabda"
  integrity sha1-GaDwcfDq8ngWLaCR5wV0zdvLq9o=
  dependencies:
    lru-cache "2.2.x"

webauth@0.1.0:
  version "0.1.0"
  resolved "https://registry.yarnpkg.com/webauth/-/webauth-0.1.0.tgz#0cc8ed6bcd1684061ce8da35b8baf40eb558fef6"
  integrity sha1-DMjta80WhAYc6No1uLr0DrVY/vY=

whacko@0.12.9:
  version "0.12.9"
  resolved "https://registry.yarnpkg.com/whacko/-/whacko-0.12.9.tgz#b077f0c655f4dc3c08fbc2d7d082e7d93d099f21"
  integrity sha1-sHfwxlX03DwI+8LX0ILn2T0JnyE=
  dependencies:
    cheerio-select "*"
    entities "0.x"
    htmlparser2 "3.1.1"
    parse5 "0.6.1"
    underscore "~1.4"

ws@0.4.x:
  version "0.4.32"
  resolved "https://registry.yarnpkg.com/ws/-/ws-0.4.32.tgz#787a6154414f3c99ed83c5772153b20feb0cec32"
  integrity sha1-eHphVEFPPJntg8V3IVOyD+sM7DI=
  dependencies:
    commander "~2.1.0"
    nan "~1.0.0"
    options ">=0.0.5"
    tinycolor "0.x"

xmlhttprequest@1.4.2:
  version "1.4.2"
  resolved "https://registry.yarnpkg.com/xmlhttprequest/-/xmlhttprequest-1.4.2.tgz#01453a1d9bed1e8f172f6495bbf4c8c426321500"
  integrity sha1-AUU6HZvtHo8XL2SVu/TIxCYyFQA=

zeparser@0.0.5:
  version "0.0.5"
  resolved "https://registry.yarnpkg.com/zeparser/-/zeparser-0.0.5.tgz#03726561bc268f2e5444f54c665b7fd4a8c029e2"
  integrity sha1-A3JlYbwmjy5URPVMZlt/1KjAKeI=
